
Microsoft Visual Studio Solution File, Format Version 12.00
# Visual Studio Version 17
VisualStudioVersion = 17.14.36221.1
MinimumVisualStudioVersion = 10.0.40219.1
Project("{FAE04EC0-301F-11D3-BF4B-00C04F79EFBC}") = "GestionTareasSoftware.Api", "GestionTareasSoftware.Api\GestionTareasSoftware.Api.csproj", "{B043CDCE-CA4E-4A2B-B74A-39B45D068E04}"
EndProject
Project("{FAE04EC0-301F-11D3-BF4B-00C04F79EFBC}") = "GestionTareasSoftware.CRUD", "GestionTareasSoftware.CRUD\GestionTareasSoftware.CRUD.csproj", "{A0EEC9EF-1F73-4CEB-8AE2-EEA092EDBA1E}"
EndProject
Project("{FAE04EC0-301F-11D3-BF4B-00C04F79EFBC}") = "GestionTareasSoftware.Web", "GestionTareasSoftware.Web\GestionTareasSoftware.Web.csproj", "{9EE3EFF2-BE01-46C3-9AA5-8B3BE7F0BB92}"
EndProject
Global
	GlobalSection(SolutionConfigurationPlatforms) = preSolution
		Debug|Any CPU = Debug|Any CPU
		Release|Any CPU = Release|Any CPU
	EndGlobalSection
	GlobalSection(ProjectConfigurationPlatforms) = postSolution
		{B043CDCE-CA4E-4A2B-B74A-39B45D068E04}.Debug|Any CPU.ActiveCfg = Debug|Any CPU
		{B043CDCE-CA4E-4A2B-B74A-39B45D068E04}.Debug|Any CPU.Build.0 = Debug|Any CPU
		{B043CDCE-CA4E-4A2B-B74A-39B45D068E04}.Release|Any CPU.ActiveCfg = Release|Any CPU
		{B043CDCE-CA4E-4A2B-B74A-39B45D068E04}.Release|Any CPU.Build.0 = Release|Any CPU
		{A0EEC9EF-1F73-4CEB-8AE2-EEA092EDBA1E}.Debug|Any CPU.ActiveCfg = Debug|Any CPU
		{A0EEC9EF-1F73-4CEB-8AE2-EEA092EDBA1E}.Debug|Any CPU.Build.0 = Debug|Any CPU
		{A0EEC9EF-1F73-4CEB-8AE2-EEA092EDBA1E}.Release|Any CPU.ActiveCfg = Release|Any CPU
		{A0EEC9EF-1F73-4CEB-8AE2-EEA092EDBA1E}.Release|Any CPU.Build.0 = Release|Any CPU
		{9EE3EFF2-BE01-46C3-9AA5-8B3BE7F0BB92}.Debug|Any CPU.ActiveCfg = Debug|Any CPU
		{9EE3EFF2-BE01-46C3-9AA5-8B3BE7F0BB92}.Debug|Any CPU.Build.0 = Debug|Any CPU
		{9EE3EFF2-BE01-46C3-9AA5-8B3BE7F0BB92}.Release|Any CPU.ActiveCfg = Release|Any CPU
		{9EE3EFF2-BE01-46C3-9AA5-8B3BE7F0BB92}.Release|Any CPU.Build.0 = Release|Any CPU
	EndGlobalSection
	GlobalSection(SolutionProperties) = preSolution
		HideSolutionNode = FALSE
	EndGlobalSection
	GlobalSection(ExtensibilityGlobals) = postSolution
		SolutionGuid = {DAAB6AB9-556F-4E0E-8C3F-5DBE81F83B32}
	EndGlobalSection
EndGlobal
